# This file is automatically @generated by Cargo.
# It is not intended for manual editing.
version = 3

[[package]]
name = "cheesecloth-alloc"
version = "0.1.0"

[[package]]
name = "cheesecloth-rust-example"
version = "0.1.0"
dependencies = [
 "cheesecloth-alloc",
 "cheesecloth-rust-example-secret-decls",
 "cheesecloth-rust-example-secrets",
]

[[package]]
name = "cheesecloth-rust-example-secret-decls"
version = "0.1.0"

[[package]]
name = "cheesecloth-rust-example-secrets"
version = "0.1.0"
dependencies = [
 "cheesecloth-rust-example-secret-decls",
]
